{
  "name": "devflix",
  "version": "1.0.0",
  "lockfileVersion": 3,
  "requires": true,
  "packages": {
    "": {
      "name": "devflix",
      "version": "1.0.0",
      "license": "ISC",
      "workspaces": [
        "packages/core",
        "packages/video-adapter"
      ]
    },
    "node_modules/@bilibios/core": {
      "resolved": "packages/core",
      "link": true
    },
    "node_modules/@bilibios/video-adapter": {
      "resolved": "packages/video-adapter",
      "link": true
    },
    "packages/core": {
      "name": "@bilibios/core",
      "version": "1.0.0",
      "license": "ISC"
    },
    "packages/video-adapter": {
      "version": "1.0.0",
      "license": "ISC",
      "devDependencies": {}
    }
  }
}
